
Microsoft Visual Studio Solution File, Format Version 12.00
# Visual Studio Version 17
VisualStudioVersion = 17.13.35931.197
MinimumVisualStudioVersion = 10.0.40219.1
Project("{9A19103F-16F7-4668-BE54-9A1E7A4F7556}") = "VSP-88D-CS", "VSP-88D-CS\VSP-88D-CS.csproj", "{3A5CB114-B59E-416C-A11D-536A1A6378EC}"
EndProject
Project("{2150E333-8FDC-42A3-9474-1A3956D46DE8}") = "999. Utils", "999. Utils", "{AF769C74-EA96-4791-ADDA-18AEB5A702AB}"
EndProject
Project("{9A19103F-16F7-4668-BE54-9A1E7A4F7556}") = "LoggerEngine", "999. Utils\LoggerEngine\LoggerEngine.csproj", "{1CEC41C9-B32C-4D1D-A511-227D218B8E0D}"
EndProject
Project("{9A19103F-16F7-4668-BE54-9A1E7A4F7556}") = "UserAccessLib", "UserAccessLib\UserAccessLib.csproj", "{0F54C613-D218-406F-A508-BBD45EE0C1D4}"
EndProject
Project("{9A19103F-16F7-4668-BE54-9A1E7A4F7556}") = "ChamberControl", "ChamberControl\ChamberControl.csproj", "{4E76E854-A066-486F-9CD7-35D6571F0456}"
EndProject
Project("{9A19103F-16F7-4668-BE54-9A1E7A4F7556}") = "ChamberDemo2", "ChamberDemo2\ChamberDemo2.csproj", "{FE1DF87C-8F4E-4D62-9065-2BA135FC4CF3}"
EndProject
Project("{2150E333-8FDC-42A3-9474-1A3956D46DE8}") = "VSLibrary", "VSLibrary", "{8EEB3186-C732-4C11-A27B-24B982C9F473}"
EndProject
Project("{2150E333-8FDC-42A3-9474-1A3956D46DE8}") = "OpenSource", "OpenSource", "{9E64A33F-DE96-4A82-81FB-E3529743365F}"
EndProject
Project("{FAE04EC0-301F-11D3-BF4B-00C04F79EFBC}") = "LiveChartsCore", "OpenSource\LiveChartsCore\LiveChartsCore.csproj", "{5A8CB3B2-DF24-90B7-425A-989E3895AC0D}"
EndProject
Project("{FAE04EC0-301F-11D3-BF4B-00C04F79EFBC}") = "LiveChartsCore.SkiaSharpView", "OpenSource\LiveChartsCore.SkiaSharp\LiveChartsCore.SkiaSharpView.csproj", "{0BBABD58-7A1B-4EF6-B567-8C2C7F96F9B5}"
EndProject
Project("{FAE04EC0-301F-11D3-BF4B-00C04F79EFBC}") = "LiveChartsCore.SkiaSharpView.WPF", "OpenSource\LiveChartsCore.SkiaSharp.WPF\LiveChartsCore.SkiaSharpView.WPF.csproj", "{838C74A7-ED5C-2619-A040-DE38DBA46DD8}"
EndProject
Project("{FAE04EC0-301F-11D3-BF4B-00C04F79EFBC}") = "VSLibrary", "VSLibrary\VSLibrary.csproj", "{E447BC60-F93A-FF07-352D-215497D4C841}"
EndProject
Project("{2150E333-8FDC-42A3-9474-1A3956D46DE8}") = "998. DEMO", "998. DEMO", "{6DCEC4C4-A94B-4509-84A0-EFB718D1573D}"
EndProject
Project("{FAE04EC0-301F-11D3-BF4B-00C04F79EFBC}") = "SequenceEngine", "SequenceEngine\SequenceEngine.csproj", "{FF1E7E11-604A-4FC1-9590-DFB5387B0CFF}"
EndProject
Project("{FAE04EC0-301F-11D3-BF4B-00C04F79EFBC}") = "SequenceDemo", "SequenceDemo\SequenceDemo.csproj", "{1998F0B6-3B85-4AC5-9A58-E356F6F4630E}"
EndProject
Project("{FAE04EC0-301F-11D3-BF4B-00C04F79EFBC}") = "LoggerLib", "999. Utils\LoggerLib\LoggerLib.csproj", "{889ABB4E-5BDE-4D1A-9B8E-5B1927BF66BD}"
EndProject
Project("{FAE04EC0-301F-11D3-BF4B-00C04F79EFBC}") = "AlarmConfig", "999. Utils\AlarmConfig\AlarmConfig.csproj", "{AE0F16E7-3824-472C-86F0-40A76CE4D54C}"
EndProject
Project("{FAE04EC0-301F-11D3-BF4B-00C04F79EFBC}") = "ConfigurationLib", "999. Utils\ConfigurationLib\ConfigurationLib.csproj", "{A505FC75-529B-4A26-8CA2-5E33B2D04CBE}"
EndProject
Global
	GlobalSection(SolutionConfigurationPlatforms) = preSolution
		Debug|Any CPU = Debug|Any CPU
		Release|Any CPU = Release|Any CPU
	EndGlobalSection
	GlobalSection(ProjectConfigurationPlatforms) = postSolution
		{3A5CB114-B59E-416C-A11D-536A1A6378EC}.Debug|Any CPU.ActiveCfg = Debug|Any CPU
		{3A5CB114-B59E-416C-A11D-536A1A6378EC}.Debug|Any CPU.Build.0 = Debug|Any CPU
		{3A5CB114-B59E-416C-A11D-536A1A6378EC}.Release|Any CPU.ActiveCfg = Release|Any CPU
		{3A5CB114-B59E-416C-A11D-536A1A6378EC}.Release|Any CPU.Build.0 = Release|Any CPU
		{1CEC41C9-B32C-4D1D-A511-227D218B8E0D}.Debug|Any CPU.ActiveCfg = Debug|Any CPU
		{1CEC41C9-B32C-4D1D-A511-227D218B8E0D}.Debug|Any CPU.Build.0 = Debug|Any CPU
		{1CEC41C9-B32C-4D1D-A511-227D218B8E0D}.Release|Any CPU.ActiveCfg = Release|Any CPU
		{1CEC41C9-B32C-4D1D-A511-227D218B8E0D}.Release|Any CPU.Build.0 = Release|Any CPU
		{0F54C613-D218-406F-A508-BBD45EE0C1D4}.Debug|Any CPU.ActiveCfg = Debug|Any CPU
		{0F54C613-D218-406F-A508-BBD45EE0C1D4}.Debug|Any CPU.Build.0 = Debug|Any CPU
		{0F54C613-D218-406F-A508-BBD45EE0C1D4}.Release|Any CPU.ActiveCfg = Release|Any CPU
		{0F54C613-D218-406F-A508-BBD45EE0C1D4}.Release|Any CPU.Build.0 = Release|Any CPU
		{4E76E854-A066-486F-9CD7-35D6571F0456}.Debug|Any CPU.ActiveCfg = Debug|Any CPU
		{4E76E854-A066-486F-9CD7-35D6571F0456}.Debug|Any CPU.Build.0 = Debug|Any CPU
		{4E76E854-A066-486F-9CD7-35D6571F0456}.Release|Any CPU.ActiveCfg = Release|Any CPU
		{4E76E854-A066-486F-9CD7-35D6571F0456}.Release|Any CPU.Build.0 = Release|Any CPU
		{FE1DF87C-8F4E-4D62-9065-2BA135FC4CF3}.Debug|Any CPU.ActiveCfg = Debug|Any CPU
		{FE1DF87C-8F4E-4D62-9065-2BA135FC4CF3}.Debug|Any CPU.Build.0 = Debug|Any CPU
		{FE1DF87C-8F4E-4D62-9065-2BA135FC4CF3}.Release|Any CPU.ActiveCfg = Release|Any CPU
		{FE1DF87C-8F4E-4D62-9065-2BA135FC4CF3}.Release|Any CPU.Build.0 = Release|Any CPU
		{5A8CB3B2-DF24-90B7-425A-989E3895AC0D}.Debug|Any CPU.ActiveCfg = Debug|Any CPU
		{5A8CB3B2-DF24-90B7-425A-989E3895AC0D}.Debug|Any CPU.Build.0 = Debug|Any CPU
		{5A8CB3B2-DF24-90B7-425A-989E3895AC0D}.Release|Any CPU.ActiveCfg = Release|Any CPU
		{5A8CB3B2-DF24-90B7-425A-989E3895AC0D}.Release|Any CPU.Build.0 = Release|Any CPU
		{0BBABD58-7A1B-4EF6-B567-8C2C7F96F9B5}.Debug|Any CPU.ActiveCfg = Debug|Any CPU
		{0BBABD58-7A1B-4EF6-B567-8C2C7F96F9B5}.Debug|Any CPU.Build.0 = Debug|Any CPU
		{0BBABD58-7A1B-4EF6-B567-8C2C7F96F9B5}.Release|Any CPU.ActiveCfg = Release|Any CPU
		{0BBABD58-7A1B-4EF6-B567-8C2C7F96F9B5}.Release|Any CPU.Build.0 = Release|Any CPU
		{838C74A7-ED5C-2619-A040-DE38DBA46DD8}.Debug|Any CPU.ActiveCfg = Debug|Any CPU
		{838C74A7-ED5C-2619-A040-DE38DBA46DD8}.Debug|Any CPU.Build.0 = Debug|Any CPU
		{838C74A7-ED5C-2619-A040-DE38DBA46DD8}.Release|Any CPU.ActiveCfg = Release|Any CPU
		{838C74A7-ED5C-2619-A040-DE38DBA46DD8}.Release|Any CPU.Build.0 = Release|Any CPU
		{E447BC60-F93A-FF07-352D-215497D4C841}.Debug|Any CPU.ActiveCfg = Debug|Any CPU
		{E447BC60-F93A-FF07-352D-215497D4C841}.Debug|Any CPU.Build.0 = Debug|Any CPU
		{E447BC60-F93A-FF07-352D-215497D4C841}.Release|Any CPU.ActiveCfg = Release|Any CPU
		{E447BC60-F93A-FF07-352D-215497D4C841}.Release|Any CPU.Build.0 = Release|Any CPU
		{FF1E7E11-604A-4FC1-9590-DFB5387B0CFF}.Debug|Any CPU.ActiveCfg = Debug|Any CPU
		{FF1E7E11-604A-4FC1-9590-DFB5387B0CFF}.Debug|Any CPU.Build.0 = Debug|Any CPU
		{FF1E7E11-604A-4FC1-9590-DFB5387B0CFF}.Release|Any CPU.ActiveCfg = Release|Any CPU
		{FF1E7E11-604A-4FC1-9590-DFB5387B0CFF}.Release|Any CPU.Build.0 = Release|Any CPU
		{1998F0B6-3B85-4AC5-9A58-E356F6F4630E}.Debug|Any CPU.ActiveCfg = Debug|Any CPU
		{1998F0B6-3B85-4AC5-9A58-E356F6F4630E}.Debug|Any CPU.Build.0 = Debug|Any CPU
		{1998F0B6-3B85-4AC5-9A58-E356F6F4630E}.Release|Any CPU.ActiveCfg = Release|Any CPU
		{1998F0B6-3B85-4AC5-9A58-E356F6F4630E}.Release|Any CPU.Build.0 = Release|Any CPU
		{889ABB4E-5BDE-4D1A-9B8E-5B1927BF66BD}.Debug|Any CPU.ActiveCfg = Debug|Any CPU
		{889ABB4E-5BDE-4D1A-9B8E-5B1927BF66BD}.Debug|Any CPU.Build.0 = Debug|Any CPU
		{889ABB4E-5BDE-4D1A-9B8E-5B1927BF66BD}.Release|Any CPU.ActiveCfg = Release|Any CPU
		{889ABB4E-5BDE-4D1A-9B8E-5B1927BF66BD}.Release|Any CPU.Build.0 = Release|Any CPU
		{AE0F16E7-3824-472C-86F0-40A76CE4D54C}.Debug|Any CPU.ActiveCfg = Debug|Any CPU
		{AE0F16E7-3824-472C-86F0-40A76CE4D54C}.Debug|Any CPU.Build.0 = Debug|Any CPU
		{AE0F16E7-3824-472C-86F0-40A76CE4D54C}.Release|Any CPU.ActiveCfg = Release|Any CPU
		{AE0F16E7-3824-472C-86F0-40A76CE4D54C}.Release|Any CPU.Build.0 = Release|Any CPU
		{A505FC75-529B-4A26-8CA2-5E33B2D04CBE}.Debug|Any CPU.ActiveCfg = Debug|Any CPU
		{A505FC75-529B-4A26-8CA2-5E33B2D04CBE}.Debug|Any CPU.Build.0 = Debug|Any CPU
		{A505FC75-529B-4A26-8CA2-5E33B2D04CBE}.Release|Any CPU.ActiveCfg = Release|Any CPU
		{A505FC75-529B-4A26-8CA2-5E33B2D04CBE}.Release|Any CPU.Build.0 = Release|Any CPU
	EndGlobalSection
	GlobalSection(SolutionProperties) = preSolution
		HideSolutionNode = FALSE
	EndGlobalSection
	GlobalSection(NestedProjects) = preSolution
		{1CEC41C9-B32C-4D1D-A511-227D218B8E0D} = {AF769C74-EA96-4791-ADDA-18AEB5A702AB}
		{0F54C613-D218-406F-A508-BBD45EE0C1D4} = {AF769C74-EA96-4791-ADDA-18AEB5A702AB}
		{5A8CB3B2-DF24-90B7-425A-989E3895AC0D} = {9E64A33F-DE96-4A82-81FB-E3529743365F}
		{0BBABD58-7A1B-4EF6-B567-8C2C7F96F9B5} = {9E64A33F-DE96-4A82-81FB-E3529743365F}
		{838C74A7-ED5C-2619-A040-DE38DBA46DD8} = {9E64A33F-DE96-4A82-81FB-E3529743365F}
		{E447BC60-F93A-FF07-352D-215497D4C841} = {8EEB3186-C732-4C11-A27B-24B982C9F473}
		{FF1E7E11-604A-4FC1-9590-DFB5387B0CFF} = {6DCEC4C4-A94B-4509-84A0-EFB718D1573D}
		{1998F0B6-3B85-4AC5-9A58-E356F6F4630E} = {6DCEC4C4-A94B-4509-84A0-EFB718D1573D}
		{889ABB4E-5BDE-4D1A-9B8E-5B1927BF66BD} = {AF769C74-EA96-4791-ADDA-18AEB5A702AB}
		{AE0F16E7-3824-472C-86F0-40A76CE4D54C} = {AF769C74-EA96-4791-ADDA-18AEB5A702AB}
		{A505FC75-529B-4A26-8CA2-5E33B2D04CBE} = {AF769C74-EA96-4791-ADDA-18AEB5A702AB}
	EndGlobalSection
	GlobalSection(ExtensibilityGlobals) = postSolution
		SolutionGuid = {B8B5B0C0-0CD7-4DD9-85B0-3ACEF2BFA167}
	EndGlobalSection
EndGlobal
